// !$*UTF8*$!
{
	archiveVersion = 1;
	classes = {
	};
	objectVersion = 51;
	objects = {

/* Begin PBXBuildFile section */
		2318A0C1AA7046302C92B202 /* Pods_LionAssestmentTests.framework in Frameworks */ = {isa = PBXBuildFile; fileRef = 9A07A43D47739A5859914C77 /* Pods_LionAssestmentTests.framework */; };
		98C7B6B21B8730973737F140 /* Pods_LionAssestment_LionAssestmentUITests.framework in Frameworks */ = {isa = PBXBuildFile; fileRef = 20BA341E7388A67D42E81858 /* Pods_LionAssestment_LionAssestmentUITests.framework */; };
		DC2F6B3A2660EEE600D0C5F6 /* AppDelegate.swift in Sources */ = {isa = PBXBuildFile; fileRef = DC2F6B392660EEE600D0C5F6 /* AppDelegate.swift */; };
		DC2F6B3C2660EEE600D0C5F6 /* SceneDelegate.swift in Sources */ = {isa = PBXBuildFile; fileRef = DC2F6B3B2660EEE600D0C5F6 /* SceneDelegate.swift */; };
		DC2F6B3E2660EEE600D0C5F6 /* HomeViewController.swift in Sources */ = {isa = PBXBuildFile; fileRef = DC2F6B3D2660EEE600D0C5F6 /* HomeViewController.swift */; };
		DC2F6B412660EEE600D0C5F6 /* Main.storyboard in Resources */ = {isa = PBXBuildFile; fileRef = DC2F6B3F2660EEE600D0C5F6 /* Main.storyboard */; };
		DC2F6B432660EEEA00D0C5F6 /* Assets.xcassets in Resources */ = {isa = PBXBuildFile; fileRef = DC2F6B422660EEEA00D0C5F6 /* Assets.xcassets */; };
		DC2F6B462660EEEA00D0C5F6 /* LaunchScreen.storyboard in Resources */ = {isa = PBXBuildFile; fileRef = DC2F6B442660EEEA00D0C5F6 /* LaunchScreen.storyboard */; };
		DC2F6B512660EEEB00D0C5F6 /* LionAssestmentTests.swift in Sources */ = {isa = PBXBuildFile; fileRef = DC2F6B502660EEEB00D0C5F6 /* LionAssestmentTests.swift */; };
		DC2F6B5C2660EEEB00D0C5F6 /* LionAssestmentUITests.swift in Sources */ = {isa = PBXBuildFile; fileRef = DC2F6B5B2660EEEB00D0C5F6 /* LionAssestmentUITests.swift */; };
		DC2F6B6C2660F1F600D0C5F6 /* ApiServices.swift in Sources */ = {isa = PBXBuildFile; fileRef = DC2F6B6B2660F1F600D0C5F6 /* ApiServices.swift */; };
		DC2F6B6F2660F77A00D0C5F6 /* Song.swift in Sources */ = {isa = PBXBuildFile; fileRef = DC2F6B6E2660F77A00D0C5F6 /* Song.swift */; };
		DC2F6B752660F89500D0C5F6 /* SongResponse.swift in Sources */ = {isa = PBXBuildFile; fileRef = DC2F6B742660F89500D0C5F6 /* SongResponse.swift */; };
		DC2F6B782660F9B900D0C5F6 /* SongViewParam.swift in Sources */ = {isa = PBXBuildFile; fileRef = DC2F6B772660F9B900D0C5F6 /* SongViewParam.swift */; };
		DC2F6B7D2660FA8300D0C5F6 /* SongApi.swift in Sources */ = {isa = PBXBuildFile; fileRef = DC2F6B7C2660FA8300D0C5F6 /* SongApi.swift */; };
		DC2F6B7F2660FAE300D0C5F6 /* SongStore.swift in Sources */ = {isa = PBXBuildFile; fileRef = DC2F6B7E2660FAE300D0C5F6 /* SongStore.swift */; };
		DC2F6B822660FCD900D0C5F6 /* RealmStore.swift in Sources */ = {isa = PBXBuildFile; fileRef = DC2F6B812660FCD900D0C5F6 /* RealmStore.swift */; };
		DC2F6B842660FD0C00D0C5F6 /* SongRealmStore.swift in Sources */ = {isa = PBXBuildFile; fileRef = DC2F6B832660FD0C00D0C5F6 /* SongRealmStore.swift */; };
		DC2F6B862660FE3C00D0C5F6 /* SongApiService.swift in Sources */ = {isa = PBXBuildFile; fileRef = DC2F6B852660FE3C00D0C5F6 /* SongApiService.swift */; };
		DC2F6B8A2661003600D0C5F6 /* SongListCell.xib in Resources */ = {isa = PBXBuildFile; fileRef = DC2F6B892661003600D0C5F6 /* SongListCell.xib */; };
		DC2F6B8D2661026C00D0C5F6 /* SongListCell.swift in Sources */ = {isa = PBXBuildFile; fileRef = DC2F6B8C2661026C00D0C5F6 /* SongListCell.swift */; };
		DC2F6B8F2661045E00D0C5F6 /* SwinjectSetup.swift in Sources */ = {isa = PBXBuildFile; fileRef = DC2F6B8E2661045E00D0C5F6 /* SwinjectSetup.swift */; };
		DC2F6B912661048400D0C5F6 /* StoryboardAssembly.swift in Sources */ = {isa = PBXBuildFile; fileRef = DC2F6B902661048400D0C5F6 /* StoryboardAssembly.swift */; };
		DC2F6B932661050F00D0C5F6 /* ViewModelsAssembly.swift in Sources */ = {isa = PBXBuildFile; fileRef = DC2F6B922661050F00D0C5F6 /* ViewModelsAssembly.swift */; };
		DC2F6B962661054500D0C5F6 /* HomeViewModel.swift in Sources */ = {isa = PBXBuildFile; fileRef = DC2F6B952661054500D0C5F6 /* HomeViewModel.swift */; };
		DC2F6B98266105D400D0C5F6 /* ApiAssembly.swift in Sources */ = {isa = PBXBuildFile; fileRef = DC2F6B97266105D400D0C5F6 /* ApiAssembly.swift */; };
		DC2F6B9B2661069900D0C5F6 /* DisplaySong.swift in Sources */ = {isa = PBXBuildFile; fileRef = DC2F6B9A2661069900D0C5F6 /* DisplaySong.swift */; };
		DC2F6B9D266108DD00D0C5F6 /* InteractorsAssembly.swift in Sources */ = {isa = PBXBuildFile; fileRef = DC2F6B9C266108DD00D0C5F6 /* InteractorsAssembly.swift */; };
		DC2F6B9F2661090B00D0C5F6 /* StorageAssembly.swift in Sources */ = {isa = PBXBuildFile; fileRef = DC2F6B9E2661090B00D0C5F6 /* StorageAssembly.swift */; };
		DC2F6BA226610D0400D0C5F6 /* UIImageView+Extension.swift in Sources */ = {isa = PBXBuildFile; fileRef = DC2F6BA126610D0400D0C5F6 /* UIImageView+Extension.swift */; };
		DC2F6BA52661130D00D0C5F6 /* SongDetailViewController.swift in Sources */ = {isa = PBXBuildFile; fileRef = DC2F6BA42661130D00D0C5F6 /* SongDetailViewController.swift */; };
		DC2F6BA72661154400D0C5F6 /* SongDetailViewModel.swift in Sources */ = {isa = PBXBuildFile; fileRef = DC2F6BA62661154400D0C5F6 /* SongDetailViewModel.swift */; };
		E25F7BDFBCCA0C93A232D5E5 /* Pods_LionAssestment.framework in Frameworks */ = {isa = PBXBuildFile; fileRef = 947B8B81D386CEA951CDECED /* Pods_LionAssestment.framework */; };
/* End PBXBuildFile section */

/* Begin PBXContainerItemProxy section */
		DC2F6B4D2660EEEB00D0C5F6 /* PBXContainerItemProxy */ = {
			isa = PBXContainerItemProxy;
			containerPortal = DC2F6B2E2660EEE600D0C5F6 /* Project object */;
			proxyType = 1;
			remoteGlobalIDString = DC2F6B352660EEE600D0C5F6;
			remoteInfo = LionAssestment;
		};
		DC2F6B582660EEEB00D0C5F6 /* PBXContainerItemProxy */ = {
			isa = PBXContainerItemProxy;
			containerPortal = DC2F6B2E2660EEE600D0C5F6 /* Project object */;
			proxyType = 1;
			remoteGlobalIDString = DC2F6B352660EEE600D0C5F6;
			remoteInfo = LionAssestment;
		};
/* End PBXContainerItemProxy section */

/* Begin PBXFileReference section */
		2075E9F5FF45751CE68C9417 /* Pods-LionAssestment-LionAssestmentUITests.debug.xcconfig */ = {isa = PBXFileReference; includeInIndex = 1; lastKnownFileType = text.xcconfig; name = "Pods-LionAssestment-LionAssestmentUITests.debug.xcconfig"; path = "Target Support Files/Pods-LionAssestment-LionAssestmentUITests/Pods-LionAssestment-LionAssestmentUITests.debug.xcconfig"; sourceTree = "<group>"; };
		20BA341E7388A67D42E81858 /* Pods_LionAssestment_LionAssestmentUITests.framework */ = {isa = PBXFileReference; explicitFileType = wrapper.framework; includeInIndex = 0; path = Pods_LionAssestment_LionAssestmentUITests.framework; sourceTree = BUILT_PRODUCTS_DIR; };
		7730A730CFB883083EF8CC3C /* Pods-LionAssestment-LionAssestmentUITests.release.xcconfig */ = {isa = PBXFileReference; includeInIndex = 1; lastKnownFileType = text.xcconfig; name = "Pods-LionAssestment-LionAssestmentUITests.release.xcconfig"; path = "Target Support Files/Pods-LionAssestment-LionAssestmentUITests/Pods-LionAssestment-LionAssestmentUITests.release.xcconfig"; sourceTree = "<group>"; };
		947B8B81D386CEA951CDECED /* Pods_LionAssestment.framework */ = {isa = PBXFileReference; explicitFileType = wrapper.framework; includeInIndex = 0; path = Pods_LionAssestment.framework; sourceTree = BUILT_PRODUCTS_DIR; };
		9A07A43D47739A5859914C77 /* Pods_LionAssestmentTests.framework */ = {isa = PBXFileReference; explicitFileType = wrapper.framework; includeInIndex = 0; path = Pods_LionAssestmentTests.framework; sourceTree = BUILT_PRODUCTS_DIR; };
		A3F972DC78B9C96DB337BD44 /* Pods-LionAssestmentTests.debug.xcconfig */ = {isa = PBXFileReference; includeInIndex = 1; lastKnownFileType = text.xcconfig; name = "Pods-LionAssestmentTests.debug.xcconfig"; path = "Target Support Files/Pods-LionAssestmentTests/Pods-LionAssestmentTests.debug.xcconfig"; sourceTree = "<group>"; };
		B0216CFBE519B39D09335F68 /* Pods-LionAssestment.release.xcconfig */ = {isa = PBXFileReference; includeInIndex = 1; lastKnownFileType = text.xcconfig; name = "Pods-LionAssestment.release.xcconfig"; path = "Target Support Files/Pods-LionAssestment/Pods-LionAssestment.release.xcconfig"; sourceTree = "<group>"; };
		D55DDE50A2C1F8699567F565 /* Pods-LionAssestment.debug.xcconfig */ = {isa = PBXFileReference; includeInIndex = 1; lastKnownFileType = text.xcconfig; name = "Pods-LionAssestment.debug.xcconfig"; path = "Target Support Files/Pods-LionAssestment/Pods-LionAssestment.debug.xcconfig"; sourceTree = "<group>"; };
		DC2F6B362660EEE600D0C5F6 /* LionAssestment.app */ = {isa = PBXFileReference; explicitFileType = wrapper.application; includeInIndex = 0; path = LionAssestment.app; sourceTree = BUILT_PRODUCTS_DIR; };
		DC2F6B392660EEE600D0C5F6 /* AppDelegate.swift */ = {isa = PBXFileReference; lastKnownFileType = sourcecode.swift; path = AppDelegate.swift; sourceTree = "<group>"; };
		DC2F6B3B2660EEE600D0C5F6 /* SceneDelegate.swift */ = {isa = PBXFileReference; lastKnownFileType = sourcecode.swift; path = SceneDelegate.swift; sourceTree = "<group>"; };
		DC2F6B3D2660EEE600D0C5F6 /* HomeViewController.swift */ = {isa = PBXFileReference; lastKnownFileType = sourcecode.swift; path = HomeViewController.swift; sourceTree = "<group>"; };
		DC2F6B402660EEE600D0C5F6 /* Base */ = {isa = PBXFileReference; lastKnownFileType = file.storyboard; name = Base; path = Base.lproj/Main.storyboard; sourceTree = "<group>"; };
		DC2F6B422660EEEA00D0C5F6 /* Assets.xcassets */ = {isa = PBXFileReference; lastKnownFileType = folder.assetcatalog; path = Assets.xcassets; sourceTree = "<group>"; };
		DC2F6B452660EEEA00D0C5F6 /* Base */ = {isa = PBXFileReference; lastKnownFileType = file.storyboard; name = Base; path = Base.lproj/LaunchScreen.storyboard; sourceTree = "<group>"; };
		DC2F6B472660EEEA00D0C5F6 /* Info.plist */ = {isa = PBXFileReference; lastKnownFileType = text.plist.xml; path = Info.plist; sourceTree = "<group>"; };
		DC2F6B4C2660EEEB00D0C5F6 /* LionAssestmentTests.xctest */ = {isa = PBXFileReference; explicitFileType = wrapper.cfbundle; includeInIndex = 0; path = LionAssestmentTests.xctest; sourceTree = BUILT_PRODUCTS_DIR; };
		DC2F6B502660EEEB00D0C5F6 /* LionAssestmentTests.swift */ = {isa = PBXFileReference; lastKnownFileType = sourcecode.swift; path = LionAssestmentTests.swift; sourceTree = "<group>"; };
		DC2F6B522660EEEB00D0C5F6 /* Info.plist */ = {isa = PBXFileReference; lastKnownFileType = text.plist.xml; path = Info.plist; sourceTree = "<group>"; };
		DC2F6B572660EEEB00D0C5F6 /* LionAssestmentUITests.xctest */ = {isa = PBXFileReference; explicitFileType = wrapper.cfbundle; includeInIndex = 0; path = LionAssestmentUITests.xctest; sourceTree = BUILT_PRODUCTS_DIR; };
		DC2F6B5B2660EEEB00D0C5F6 /* LionAssestmentUITests.swift */ = {isa = PBXFileReference; lastKnownFileType = sourcecode.swift; path = LionAssestmentUITests.swift; sourceTree = "<group>"; };
		DC2F6B5D2660EEEB00D0C5F6 /* Info.plist */ = {isa = PBXFileReference; lastKnownFileType = text.plist.xml; path = Info.plist; sourceTree = "<group>"; };
		DC2F6B6B2660F1F600D0C5F6 /* ApiServices.swift */ = {isa = PBXFileReference; lastKnownFileType = sourcecode.swift; path = ApiServices.swift; sourceTree = "<group>"; };
		DC2F6B6E2660F77A00D0C5F6 /* Song.swift */ = {isa = PBXFileReference; lastKnownFileType = sourcecode.swift; path = Song.swift; sourceTree = "<group>"; };
		DC2F6B742660F89500D0C5F6 /* SongResponse.swift */ = {isa = PBXFileReference; lastKnownFileType = sourcecode.swift; path = SongResponse.swift; sourceTree = "<group>"; };
		DC2F6B772660F9B900D0C5F6 /* SongViewParam.swift */ = {isa = PBXFileReference; lastKnownFileType = sourcecode.swift; path = SongViewParam.swift; sourceTree = "<group>"; };
		DC2F6B7C2660FA8300D0C5F6 /* SongApi.swift */ = {isa = PBXFileReference; lastKnownFileType = sourcecode.swift; path = SongApi.swift; sourceTree = "<group>"; };
		DC2F6B7E2660FAE300D0C5F6 /* SongStore.swift */ = {isa = PBXFileReference; lastKnownFileType = sourcecode.swift; path = SongStore.swift; sourceTree = "<group>"; };
		DC2F6B812660FCD900D0C5F6 /* RealmStore.swift */ = {isa = PBXFileReference; lastKnownFileType = sourcecode.swift; path = RealmStore.swift; sourceTree = "<group>"; };
		DC2F6B832660FD0C00D0C5F6 /* SongRealmStore.swift */ = {isa = PBXFileReference; lastKnownFileType = sourcecode.swift; path = SongRealmStore.swift; sourceTree = "<group>"; };
		DC2F6B852660FE3C00D0C5F6 /* SongApiService.swift */ = {isa = PBXFileReference; lastKnownFileType = sourcecode.swift; path = SongApiService.swift; sourceTree = "<group>"; };
		DC2F6B892661003600D0C5F6 /* SongListCell.xib */ = {isa = PBXFileReference; lastKnownFileType = file.xib; path = SongListCell.xib; sourceTree = "<group>"; };
		DC2F6B8C2661026C00D0C5F6 /* SongListCell.swift */ = {isa = PBXFileReference; lastKnownFileType = sourcecode.swift; path = SongListCell.swift; sourceTree = "<group>"; };
		DC2F6B8E2661045E00D0C5F6 /* SwinjectSetup.swift */ = {isa = PBXFileReference; lastKnownFileType = sourcecode.swift; path = SwinjectSetup.swift; sourceTree = "<group>"; };
		DC2F6B902661048400D0C5F6 /* StoryboardAssembly.swift */ = {isa = PBXFileReference; lastKnownFileType = sourcecode.swift; path = StoryboardAssembly.swift; sourceTree = "<group>"; };
		DC2F6B922661050F00D0C5F6 /* ViewModelsAssembly.swift */ = {isa = PBXFileReference; lastKnownFileType = sourcecode.swift; path = ViewModelsAssembly.swift; sourceTree = "<group>"; };
		DC2F6B952661054500D0C5F6 /* HomeViewModel.swift */ = {isa = PBXFileReference; lastKnownFileType = sourcecode.swift; path = HomeViewModel.swift; sourceTree = "<group>"; };
		DC2F6B97266105D400D0C5F6 /* ApiAssembly.swift */ = {isa = PBXFileReference; lastKnownFileType = sourcecode.swift; path = ApiAssembly.swift; sourceTree = "<group>"; };
		DC2F6B9A2661069900D0C5F6 /* DisplaySong.swift */ = {isa = PBXFileReference; lastKnownFileType = sourcecode.swift; path = DisplaySong.swift; sourceTree = "<group>"; };
		DC2F6B9C266108DD00D0C5F6 /* InteractorsAssembly.swift */ = {isa = PBXFileReference; lastKnownFileType = sourcecode.swift; path = InteractorsAssembly.swift; sourceTree = "<group>"; };
		DC2F6B9E2661090B00D0C5F6 /* StorageAssembly.swift */ = {isa = PBXFileReference; lastKnownFileType = sourcecode.swift; path = StorageAssembly.swift; sourceTree = "<group>"; };
		DC2F6BA126610D0400D0C5F6 /* UIImageView+Extension.swift */ = {isa = PBXFileReference; lastKnownFileType = sourcecode.swift; path = "UIImageView+Extension.swift"; sourceTree = "<group>"; };
		DC2F6BA42661130D00D0C5F6 /* SongDetailViewController.swift */ = {isa = PBXFileReference; lastKnownFileType = sourcecode.swift; path = SongDetailViewController.swift; sourceTree = "<group>"; };
		DC2F6BA62661154400D0C5F6 /* SongDetailViewModel.swift */ = {isa = PBXFileReference; lastKnownFileType = sourcecode.swift; path = SongDetailViewModel.swift; sourceTree = "<group>"; };
		F4394AEC1D467856F78AB05B /* Pods-LionAssestmentTests.release.xcconfig */ = {isa = PBXFileReference; includeInIndex = 1; lastKnownFileType = text.xcconfig; name = "Pods-LionAssestmentTests.release.xcconfig"; path = "Target Support Files/Pods-LionAssestmentTests/Pods-LionAssestmentTests.release.xcconfig"; sourceTree = "<group>"; };
/* End PBXFileReference section */

/* Begin PBXFrameworksBuildPhase section */
		DC2F6B332660EEE600D0C5F6 /* Frameworks */ = {
			isa = PBXFrameworksBuildPhase;
			buildActionMask = 2147483647;
			files = (
				E25F7BDFBCCA0C93A232D5E5 /* Pods_LionAssestment.framework in Frameworks */,
			);
			runOnlyForDeploymentPostprocessing = 0;
		};
		DC2F6B492660EEEB00D0C5F6 /* Frameworks */ = {
			isa = PBXFrameworksBuildPhase;
			buildActionMask = 2147483647;
			files = (
				2318A0C1AA7046302C92B202 /* Pods_LionAssestmentTests.framework in Frameworks */,
			);
			runOnlyForDeploymentPostprocessing = 0;
		};
		DC2F6B542660EEEB00D0C5F6 /* Frameworks */ = {
			isa = PBXFrameworksBuildPhase;
			buildActionMask = 2147483647;
			files = (
				98C7B6B21B8730973737F140 /* Pods_LionAssestment_LionAssestmentUITests.framework in Frameworks */,
			);
			runOnlyForDeploymentPostprocessing = 0;
		};
/* End PBXFrameworksBuildPhase section */

/* Begin PBXGroup section */
		D20661C0CE0844F6064CA14D /* Frameworks */ = {
			isa = PBXGroup;
			children = (
				947B8B81D386CEA951CDECED /* Pods_LionAssestment.framework */,
				20BA341E7388A67D42E81858 /* Pods_LionAssestment_LionAssestmentUITests.framework */,
				9A07A43D47739A5859914C77 /* Pods_LionAssestmentTests.framework */,
			);
			name = Frameworks;
			sourceTree = "<group>";
		};
		DC2F6B2D2660EEE600D0C5F6 = {
			isa = PBXGroup;
			children = (
				DC2F6B382660EEE600D0C5F6 /* LionAssestment */,
				DC2F6B4F2660EEEB00D0C5F6 /* LionAssestmentTests */,
				DC2F6B5A2660EEEB00D0C5F6 /* LionAssestmentUITests */,
				DC2F6B372660EEE600D0C5F6 /* Products */,
				EB6C206C117AC7D6227E371D /* Pods */,
				D20661C0CE0844F6064CA14D /* Frameworks */,
			);
			sourceTree = "<group>";
		};
		DC2F6B372660EEE600D0C5F6 /* Products */ = {
			isa = PBXGroup;
			children = (
				DC2F6B362660EEE600D0C5F6 /* LionAssestment.app */,
				DC2F6B4C2660EEEB00D0C5F6 /* LionAssestmentTests.xctest */,
				DC2F6B572660EEEB00D0C5F6 /* LionAssestmentUITests.xctest */,
			);
			name = Products;
			sourceTree = "<group>";
		};
		DC2F6B382660EEE600D0C5F6 /* LionAssestment */ = {
			isa = PBXGroup;
			children = (
				DC2F6BA026610CE600D0C5F6 /* Extensions */,
				DC2F6B872661001000D0C5F6 /* Views */,
				DC2F6B692660F1AA00D0C5F6 /* App */,
				DC2F6B792660FA6400D0C5F6 /* Interactors */,
				DC2F6B702660F86600D0C5F6 /* Adapters */,
				DC2F6B6D2660F76D00D0C5F6 /* Entities */,
				DC2F6B882661001700D0C5F6 /* Xibs */,
				DC2F6B392660EEE600D0C5F6 /* AppDelegate.swift */,
				DC2F6B3B2660EEE600D0C5F6 /* SceneDelegate.swift */,
				DC2F6B3F2660EEE600D0C5F6 /* Main.storyboard */,
				DC2F6B422660EEEA00D0C5F6 /* Assets.xcassets */,
				DC2F6B442660EEEA00D0C5F6 /* LaunchScreen.storyboard */,
				DC2F6B472660EEEA00D0C5F6 /* Info.plist */,
				DC2F6B6B2660F1F600D0C5F6 /* ApiServices.swift */,
			);
			path = LionAssestment;
			sourceTree = "<group>";
		};
		DC2F6B4F2660EEEB00D0C5F6 /* LionAssestmentTests */ = {
			isa = PBXGroup;
			children = (
				DC2F6B502660EEEB00D0C5F6 /* LionAssestmentTests.swift */,
				DC2F6B522660EEEB00D0C5F6 /* Info.plist */,
			);
			path = LionAssestmentTests;
			sourceTree = "<group>";
		};
		DC2F6B5A2660EEEB00D0C5F6 /* LionAssestmentUITests */ = {
			isa = PBXGroup;
			children = (
				DC2F6B5B2660EEEB00D0C5F6 /* LionAssestmentUITests.swift */,
				DC2F6B5D2660EEEB00D0C5F6 /* Info.plist */,
			);
			path = LionAssestmentUITests;
			sourceTree = "<group>";
		};
		DC2F6B692660F1AA00D0C5F6 /* App */ = {
			isa = PBXGroup;
			children = (
				DC2F6B6A2660F1B300D0C5F6 /* Swinject */,
			);
			name = App;
			sourceTree = "<group>";
		};
		DC2F6B6A2660F1B300D0C5F6 /* Swinject */ = {
			isa = PBXGroup;
			children = (
				DC2F6B8E2661045E00D0C5F6 /* SwinjectSetup.swift */,
				DC2F6B902661048400D0C5F6 /* StoryboardAssembly.swift */,
				DC2F6B922661050F00D0C5F6 /* ViewModelsAssembly.swift */,
				DC2F6B97266105D400D0C5F6 /* ApiAssembly.swift */,
				DC2F6B9C266108DD00D0C5F6 /* InteractorsAssembly.swift */,
				DC2F6B9E2661090B00D0C5F6 /* StorageAssembly.swift */,
			);
			path = Swinject;
			sourceTree = "<group>";
		};
		DC2F6B6D2660F76D00D0C5F6 /* Entities */ = {
			isa = PBXGroup;
			children = (
				DC2F6B6E2660F77A00D0C5F6 /* Song.swift */,
			);
			name = Entities;
			sourceTree = "<group>";
		};
		DC2F6B702660F86600D0C5F6 /* Adapters */ = {
			isa = PBXGroup;
			children = (
				DC2F6B942661053600D0C5F6 /* ViewModels */,
				DC2F6B802660FCCB00D0C5F6 /* StoreStorages */,
				DC2F6B712660F87100D0C5F6 /* ApiServices */,
			);
			name = Adapters;
			sourceTree = "<group>";
		};
		DC2F6B712660F87100D0C5F6 /* ApiServices */ = {
			isa = PBXGroup;
			children = (
				DC2F6B732660F88100D0C5F6 /* Services */,
				DC2F6B722660F87A00D0C5F6 /* Responses */,
			);
			name = ApiServices;
			sourceTree = "<group>";
		};
		DC2F6B722660F87A00D0C5F6 /* Responses */ = {
			isa = PBXGroup;
			children = (
				DC2F6B742660F89500D0C5F6 /* SongResponse.swift */,
			);
			name = Responses;
			sourceTree = "<group>";
		};
		DC2F6B732660F88100D0C5F6 /* Services */ = {
			isa = PBXGroup;
			children = (
				DC2F6B852660FE3C00D0C5F6 /* SongApiService.swift */,
			);
			name = Services;
			sourceTree = "<group>";
		};
		DC2F6B762660F9AD00D0C5F6 /* ViewParams */ = {
			isa = PBXGroup;
			children = (
				DC2F6B772660F9B900D0C5F6 /* SongViewParam.swift */,
			);
			name = ViewParams;
			sourceTree = "<group>";
		};
		DC2F6B792660FA6400D0C5F6 /* Interactors */ = {
			isa = PBXGroup;
			children = (
				DC2F6B992661068900D0C5F6 /* UseCases */,
				DC2F6B7B2660FA7600D0C5F6 /* Stores */,
				DC2F6B7A2660FA6D00D0C5F6 /* Apis */,
				DC2F6B762660F9AD00D0C5F6 /* ViewParams */,
			);
			name = Interactors;
			sourceTree = "<group>";
		};
		DC2F6B7A2660FA6D00D0C5F6 /* Apis */ = {
			isa = PBXGroup;
			children = (
				DC2F6B7C2660FA8300D0C5F6 /* SongApi.swift */,
			);
			name = Apis;
			sourceTree = "<group>";
		};
		DC2F6B7B2660FA7600D0C5F6 /* Stores */ = {
			isa = PBXGroup;
			children = (
				DC2F6B7E2660FAE300D0C5F6 /* SongStore.swift */,
			);
			name = Stores;
			sourceTree = "<group>";
		};
		DC2F6B802660FCCB00D0C5F6 /* StoreStorages */ = {
			isa = PBXGroup;
			children = (
				DC2F6B812660FCD900D0C5F6 /* RealmStore.swift */,
				DC2F6B832660FD0C00D0C5F6 /* SongRealmStore.swift */,
			);
			name = StoreStorages;
			sourceTree = "<group>";
		};
		DC2F6B872661001000D0C5F6 /* Views */ = {
			isa = PBXGroup;
			children = (
				DC2F6BA3266112F100D0C5F6 /* ViewController */,
				DC2F6B8B2661025A00D0C5F6 /* Components */,
			);
			name = Views;
			sourceTree = "<group>";
		};
		DC2F6B882661001700D0C5F6 /* Xibs */ = {
			isa = PBXGroup;
			children = (
				DC2F6B892661003600D0C5F6 /* SongListCell.xib */,
			);
			name = Xibs;
			sourceTree = "<group>";
		};
		DC2F6B8B2661025A00D0C5F6 /* Components */ = {
			isa = PBXGroup;
			children = (
				DC2F6B8C2661026C00D0C5F6 /* SongListCell.swift */,
			);
			name = Components;
			sourceTree = "<group>";
		};
		DC2F6B942661053600D0C5F6 /* ViewModels */ = {
			isa = PBXGroup;
			children = (
				DC2F6B952661054500D0C5F6 /* HomeViewModel.swift */,
				DC2F6BA62661154400D0C5F6 /* SongDetailViewModel.swift */,
			);
			name = ViewModels;
			sourceTree = "<group>";
		};
		DC2F6B992661068900D0C5F6 /* UseCases */ = {
			isa = PBXGroup;
			children = (
				DC2F6B9A2661069900D0C5F6 /* DisplaySong.swift */,
			);
			name = UseCases;
			sourceTree = "<group>";
		};
		DC2F6BA026610CE600D0C5F6 /* Extensions */ = {
			isa = PBXGroup;
			children = (
				DC2F6BA126610D0400D0C5F6 /* UIImageView+Extension.swift */,
			);
			name = Extensions;
			sourceTree = "<group>";
		};
		DC2F6BA3266112F100D0C5F6 /* ViewController */ = {
			isa = PBXGroup;
			children = (
				DC2F6B3D2660EEE600D0C5F6 /* HomeViewController.swift */,
				DC2F6BA42661130D00D0C5F6 /* SongDetailViewController.swift */,
			);
			name = ViewController;
			sourceTree = "<group>";
		};
		EB6C206C117AC7D6227E371D /* Pods */ = {
			isa = PBXGroup;
			children = (
				D55DDE50A2C1F8699567F565 /* Pods-LionAssestment.debug.xcconfig */,
				B0216CFBE519B39D09335F68 /* Pods-LionAssestment.release.xcconfig */,
				2075E9F5FF45751CE68C9417 /* Pods-LionAssestment-LionAssestmentUITests.debug.xcconfig */,
				7730A730CFB883083EF8CC3C /* Pods-LionAssestment-LionAssestmentUITests.release.xcconfig */,
				A3F972DC78B9C96DB337BD44 /* Pods-LionAssestmentTests.debug.xcconfig */,
				F4394AEC1D467856F78AB05B /* Pods-LionAssestmentTests.release.xcconfig */,
			);
			path = Pods;
			sourceTree = "<group>";
		};
/* End PBXGroup section */

/* Begin PBXNativeTarget section */
		DC2F6B352660EEE600D0C5F6 /* LionAssestment */ = {
			isa = PBXNativeTarget;
			buildConfigurationList = DC2F6B602660EEEB00D0C5F6 /* Build configuration list for PBXNativeTarget "LionAssestment" */;
			buildPhases = (
				D0E01DBA33269C476B120078 /* [CP] Check Pods Manifest.lock */,
				DC2F6B322660EEE600D0C5F6 /* Sources */,
				DC2F6B332660EEE600D0C5F6 /* Frameworks */,
				DC2F6B342660EEE600D0C5F6 /* Resources */,
				51C9189483D58C2CEEF076BD /* [CP] Embed Pods Frameworks */,
			);
			buildRules = (
			);
			dependencies = (
			);
			name = LionAssestment;
			productName = LionAssestment;
			productReference = DC2F6B362660EEE600D0C5F6 /* LionAssestment.app */;
			productType = "com.apple.product-type.application";
		};
		DC2F6B4B2660EEEB00D0C5F6 /* LionAssestmentTests */ = {
			isa = PBXNativeTarget;
			buildConfigurationList = DC2F6B632660EEEB00D0C5F6 /* Build configuration list for PBXNativeTarget "LionAssestmentTests" */;
			buildPhases = (
				331FA9DA531462CE04F46D0B /* [CP] Check Pods Manifest.lock */,
				DC2F6B482660EEEB00D0C5F6 /* Sources */,
				DC2F6B492660EEEB00D0C5F6 /* Frameworks */,
				DC2F6B4A2660EEEB00D0C5F6 /* Resources */,
			);
			buildRules = (
			);
			dependencies = (
				DC2F6B4E2660EEEB00D0C5F6 /* PBXTargetDependency */,
			);
			name = LionAssestmentTests;
			productName = LionAssestmentTests;
			productReference = DC2F6B4C2660EEEB00D0C5F6 /* LionAssestmentTests.xctest */;
			productType = "com.apple.product-type.bundle.unit-test";
		};
		DC2F6B562660EEEB00D0C5F6 /* LionAssestmentUITests */ = {
			isa = PBXNativeTarget;
			buildConfigurationList = DC2F6B662660EEEB00D0C5F6 /* Build configuration list for PBXNativeTarget "LionAssestmentUITests" */;
			buildPhases = (
				49A12A26D3F94992DC5E1978 /* [CP] Check Pods Manifest.lock */,
				DC2F6B532660EEEB00D0C5F6 /* Sources */,
				DC2F6B542660EEEB00D0C5F6 /* Frameworks */,
				DC2F6B552660EEEB00D0C5F6 /* Resources */,
				EB6258B39F823D11ACA0CA0E /* [CP] Embed Pods Frameworks */,
			);
			buildRules = (
			);
			dependencies = (
				DC2F6B592660EEEB00D0C5F6 /* PBXTargetDependency */,
			);
			name = LionAssestmentUITests;
			productName = LionAssestmentUITests;
			productReference = DC2F6B572660EEEB00D0C5F6 /* LionAssestmentUITests.xctest */;
			productType = "com.apple.product-type.bundle.ui-testing";
		};
/* End PBXNativeTarget section */

/* Begin PBXProject section */
		DC2F6B2E2660EEE600D0C5F6 /* Project object */ = {
			isa = PBXProject;
			attributes = {
				LastSwiftUpdateCheck = 1250;
				LastUpgradeCheck = 1250;
				TargetAttributes = {
					DC2F6B352660EEE600D0C5F6 = {
						CreatedOnToolsVersion = 12.5;
					};
					DC2F6B4B2660EEEB00D0C5F6 = {
						CreatedOnToolsVersion = 12.5;
						TestTargetID = DC2F6B352660EEE600D0C5F6;
					};
					DC2F6B562660EEEB00D0C5F6 = {
						CreatedOnToolsVersion = 12.5;
						TestTargetID = DC2F6B352660EEE600D0C5F6;
					};
				};
			};
			buildConfigurationList = DC2F6B312660EEE600D0C5F6 /* Build configuration list for PBXProject "LionAssestment" */;
			compatibilityVersion = "Xcode 9.3";
			developmentRegion = en;
			hasScannedForEncodings = 0;
			knownRegions = (
				en,
				Base,
			);
			mainGroup = DC2F6B2D2660EEE600D0C5F6;
			productRefGroup = DC2F6B372660EEE600D0C5F6 /* Products */;
			projectDirPath = "";
			projectRoot = "";
			targets = (
				DC2F6B352660EEE600D0C5F6 /* LionAssestment */,
				DC2F6B4B2660EEEB00D0C5F6 /* LionAssestmentTests */,
				DC2F6B562660EEEB00D0C5F6 /* LionAssestmentUITests */,
			);
		};
/* End PBXProject section */

/* Begin PBXResourcesBuildPhase section */
		DC2F6B342660EEE600D0C5F6 /* Resources */ = {
			isa = PBXResourcesBuildPhase;
			buildActionMask = 2147483647;
			files = (
				DC2F6B8A2661003600D0C5F6 /* SongListCell.xib in Resources */,
				DC2F6B462660EEEA00D0C5F6 /* LaunchScreen.storyboard in Resources */,
				DC2F6B432660EEEA00D0C5F6 /* Assets.xcassets in Resources */,
				DC2F6B412660EEE600D0C5F6 /* Main.storyboard in Resources */,
			);
			runOnlyForDeploymentPostprocessing = 0;
		};
		DC2F6B4A2660EEEB00D0C5F6 /* Resources */ = {
			isa = PBXResourcesBuildPhase;
			buildActionMask = 2147483647;
			files = (
			);
			runOnlyForDeploymentPostprocessing = 0;
		};
		DC2F6B552660EEEB00D0C5F6 /* Resources */ = {
			isa = PBXResourcesBuildPhase;
			buildActionMask = 2147483647;
			files = (
			);
			runOnlyForDeploymentPostprocessing = 0;
		};
/* End PBXResourcesBuildPhase section */

/* Begin PBXShellScriptBuildPhase section */
		331FA9DA531462CE04F46D0B /* [CP] Check Pods Manifest.lock */ = {
			isa = PBXShellScriptBuildPhase;
			buildActionMask = 2147483647;
			files = (
			);
			inputFileListPaths = (
			);
			inputPaths = (
				"${PODS_PODFILE_DIR_PATH}/Podfile.lock",
				"${PODS_ROOT}/Manifest.lock",
			);
			name = "[CP] Check Pods Manifest.lock";
			outputFileListPaths = (
			);
			outputPaths = (
				"$(DERIVED_FILE_DIR)/Pods-LionAssestmentTests-checkManifestLockResult.txt",
			);
			runOnlyForDeploymentPostprocessing = 0;
			shellPath = /bin/sh;
			shellScript = "diff \"${PODS_PODFILE_DIR_PATH}/Podfile.lock\" \"${PODS_ROOT}/Manifest.lock\" > /dev/null\nif [ $? != 0 ] ; then\n    # print error to STDERR\n    echo \"error: The sandbox is not in sync with the Podfile.lock. Run 'pod install' or update your CocoaPods installation.\" >&2\n    exit 1\nfi\n# This output is used by Xcode 'outputs' to avoid re-running this script phase.\necho \"SUCCESS\" > \"${SCRIPT_OUTPUT_FILE_0}\"\n";
			showEnvVarsInLog = 0;
		};
		49A12A26D3F94992DC5E1978 /* [CP] Check Pods Manifest.lock */ = {
			isa = PBXShellScriptBuildPhase;
			buildActionMask = 2147483647;
			files = (
			);
			inputFileListPaths = (
			);
			inputPaths = (
				"${PODS_PODFILE_DIR_PATH}/Podfile.lock",
				"${PODS_ROOT}/Manifest.lock",
			);
			name = "[CP] Check Pods Manifest.lock";
			outputFileListPaths = (
			);
			outputPaths = (
				"$(DERIVED_FILE_DIR)/Pods-LionAssestment-LionAssestmentUITests-checkManifestLockResult.txt",
			);
			runOnlyForDeploymentPostprocessing = 0;
			shellPath = /bin/sh;
			shellScript = "diff \"${PODS_PODFILE_DIR_PATH}/Podfile.lock\" \"${PODS_ROOT}/Manifest.lock\" > /dev/null\nif [ $? != 0 ] ; then\n    # print error to STDERR\n    echo \"error: The sandbox is not in sync with the Podfile.lock. Run 'pod install' or update your CocoaPods installation.\" >&2\n    exit 1\nfi\n# This output is used by Xcode 'outputs' to avoid re-running this script phase.\necho \"SUCCESS\" > \"${SCRIPT_OUTPUT_FILE_0}\"\n";
			showEnvVarsInLog = 0;
		};
		51C9189483D58C2CEEF076BD /* [CP] Embed Pods Frameworks */ = {
			isa = PBXShellScriptBuildPhase;
			buildActionMask = 2147483647;
			files = (
			);
			inputFileListPaths = (
				"${PODS_ROOT}/Target Support Files/Pods-LionAssestment/Pods-LionAssestment-frameworks-${CONFIGURATION}-input-files.xcfilelist",
			);
			name = "[CP] Embed Pods Frameworks";
			outputFileListPaths = (
				"${PODS_ROOT}/Target Support Files/Pods-LionAssestment/Pods-LionAssestment-frameworks-${CONFIGURATION}-output-files.xcfilelist",
			);
			runOnlyForDeploymentPostprocessing = 0;
			shellPath = /bin/sh;
			shellScript = "\"${PODS_ROOT}/Target Support Files/Pods-LionAssestment/Pods-LionAssestment-frameworks.sh\"\n";
			showEnvVarsInLog = 0;
		};
		D0E01DBA33269C476B120078 /* [CP] Check Pods Manifest.lock */ = {
			isa = PBXShellScriptBuildPhase;
			buildActionMask = 2147483647;
			files = (
			);
			inputFileListPaths = (
			);
			inputPaths = (
				"${PODS_PODFILE_DIR_PATH}/Podfile.lock",
				"${PODS_ROOT}/Manifest.lock",
			);
			name = "[CP] Check Pods Manifest.lock";
			outputFileListPaths = (
			);
			outputPaths = (
				"$(DERIVED_FILE_DIR)/Pods-LionAssestment-checkManifestLockResult.txt",
			);
			runOnlyForDeploymentPostprocessing = 0;
			shellPath = /bin/sh;
			shellScript = "diff \"${PODS_PODFILE_DIR_PATH}/Podfile.lock\" \"${PODS_ROOT}/Manifest.lock\" > /dev/null\nif [ $? != 0 ] ; then\n    # print error to STDERR\n    echo \"error: The sandbox is not in sync with the Podfile.lock. Run 'pod install' or update your CocoaPods installation.\" >&2\n    exit 1\nfi\n# This output is used by Xcode 'outputs' to avoid re-running this script phase.\necho \"SUCCESS\" > \"${SCRIPT_OUTPUT_FILE_0}\"\n";
			showEnvVarsInLog = 0;
		};
		EB6258B39F823D11ACA0CA0E /* [CP] Embed Pods Frameworks */ = {
			isa = PBXShellScriptBuildPhase;
			buildActionMask = 2147483647;
			files = (
			);
			inputFileListPaths = (
				"${PODS_ROOT}/Target Support Files/Pods-LionAssestment-LionAssestmentUITests/Pods-LionAssestment-LionAssestmentUITests-frameworks-${CONFIGURATION}-input-files.xcfilelist",
			);
			name = "[CP] Embed Pods Frameworks";
			outputFileListPaths = (
				"${PODS_ROOT}/Target Support Files/Pods-LionAssestment-LionAssestmentUITests/Pods-LionAssestment-LionAssestmentUITests-frameworks-${CONFIGURATION}-output-files.xcfilelist",
			);
			runOnlyForDeploymentPostprocessing = 0;
			shellPath = /bin/sh;
			shellScript = "\"${PODS_ROOT}/Target Support Files/Pods-LionAssestment-LionAssestmentUITests/Pods-LionAssestment-LionAssestmentUITests-frameworks.sh\"\n";
			showEnvVarsInLog = 0;
		};
/* End PBXShellScriptBuildPhase section */

/* Begin PBXSourcesBuildPhase section */
		DC2F6B322660EEE600D0C5F6 /* Sources */ = {
			isa = PBXSourcesBuildPhase;
			buildActionMask = 2147483647;
			files = (
				DC2F6B98266105D400D0C5F6 /* ApiAssembly.swift in Sources */,
				DC2F6B962661054500D0C5F6 /* HomeViewModel.swift in Sources */,
				DC2F6B9F2661090B00D0C5F6 /* StorageAssembly.swift in Sources */,
				DC2F6B9D266108DD00D0C5F6 /* InteractorsAssembly.swift in Sources */,
				DC2F6B782660F9B900D0C5F6 /* SongViewParam.swift in Sources */,
				DC2F6B862660FE3C00D0C5F6 /* SongApiService.swift in Sources */,
				DC2F6B932661050F00D0C5F6 /* ViewModelsAssembly.swift in Sources */,
				DC2F6B7D2660FA8300D0C5F6 /* SongApi.swift in Sources */,
				DC2F6B9B2661069900D0C5F6 /* DisplaySong.swift in Sources */,
				DC2F6B3E2660EEE600D0C5F6 /* HomeViewController.swift in Sources */,
				DC2F6B3A2660EEE600D0C5F6 /* AppDelegate.swift in Sources */,
				DC2F6B6C2660F1F600D0C5F6 /* ApiServices.swift in Sources */,
				DC2F6B8F2661045E00D0C5F6 /* SwinjectSetup.swift in Sources */,
				DC2F6B822660FCD900D0C5F6 /* RealmStore.swift in Sources */,
				DC2F6B3C2660EEE600D0C5F6 /* SceneDelegate.swift in Sources */,
				DC2F6B912661048400D0C5F6 /* StoryboardAssembly.swift in Sources */,
				DC2F6B6F2660F77A00D0C5F6 /* Song.swift in Sources */,
				DC2F6B842660FD0C00D0C5F6 /* SongRealmStore.swift in Sources */,
				DC2F6BA72661154400D0C5F6 /* SongDetailViewModel.swift in Sources */,
				DC2F6BA226610D0400D0C5F6 /* UIImageView+Extension.swift in Sources */,
				DC2F6B8D2661026C00D0C5F6 /* SongListCell.swift in Sources */,
				DC2F6B7F2660FAE300D0C5F6 /* SongStore.swift in Sources */,
				DC2F6B752660F89500D0C5F6 /* SongResponse.swift in Sources */,
				DC2F6BA52661130D00D0C5F6 /* SongDetailViewController.swift in Sources */,
			);
			runOnlyForDeploymentPostprocessing = 0;
		};
		DC2F6B482660EEEB00D0C5F6 /* Sources */ = {
			isa = PBXSourcesBuildPhase;
			buildActionMask = 2147483647;
			files = (
				DC2F6B512660EEEB00D0C5F6 /* LionAssestmentTests.swift in Sources */,
			);
			runOnlyForDeploymentPostprocessing = 0;
		};
		DC2F6B532660EEEB00D0C5F6 /* Sources */ = {
			isa = PBXSourcesBuildPhase;
			buildActionMask = 2147483647;
			files = (
				DC2F6B5C2660EEEB00D0C5F6 /* LionAssestmentUITests.swift in Sources */,
			);
			runOnlyForDeploymentPostprocessing = 0;
		};
/* End PBXSourcesBuildPhase section */

/* Begin PBXTargetDependency section */
		DC2F6B4E2660EEEB00D0C5F6 /* PBXTargetDependency */ = {
			isa = PBXTargetDependency;
			target = DC2F6B352660EEE600D0C5F6 /* LionAssestment */;
			targetProxy = DC2F6B4D2660EEEB00D0C5F6 /* PBXContainerItemProxy */;
		};
		DC2F6B592660EEEB00D0C5F6 /* PBXTargetDependency */ = {
			isa = PBXTargetDependency;
			target = DC2F6B352660EEE600D0C5F6 /* LionAssestment */;
			targetProxy = DC2F6B582660EEEB00D0C5F6 /* PBXContainerItemProxy */;
		};
/* End PBXTargetDependency section */

/* Begin PBXVariantGroup section */
		DC2F6B3F2660EEE600D0C5F6 /* Main.storyboard */ = {
			isa = PBXVariantGroup;
			children = (
				DC2F6B402660EEE600D0C5F6 /* Base */,
			);
			name = Main.storyboard;
			sourceTree = "<group>";
		};
		DC2F6B442660EEEA00D0C5F6 /* LaunchScreen.storyboard */ = {
			isa = PBXVariantGroup;
			children = (
				DC2F6B452660EEEA00D0C5F6 /* Base */,
			);
			name = LaunchScreen.storyboard;
			sourceTree = "<group>";
		};
/* End PBXVariantGroup section */

/* Begin XCBuildConfiguration section */
		DC2F6B5E2660EEEB00D0C5F6 /* Debug */ = {
			isa = XCBuildConfiguration;
			buildSettings = {
				ALWAYS_SEARCH_USER_PATHS = NO;
				CLANG_ANALYZER_NONNULL = YES;
				CLANG_ANALYZER_NUMBER_OBJECT_CONVERSION = YES_AGGRESSIVE;
				CLANG_CXX_LANGUAGE_STANDARD = "gnu++14";
				CLANG_CXX_LIBRARY = "libc++";
				CLANG_ENABLE_MODULES = YES;
				CLANG_ENABLE_OBJC_ARC = YES;
				CLANG_ENABLE_OBJC_WEAK = YES;
				CLANG_WARN_BLOCK_CAPTURE_AUTORELEASING = YES;
				CLANG_WARN_BOOL_CONVERSION = YES;
				CLANG_WARN_COMMA = YES;
				CLANG_WARN_CONSTANT_CONVERSION = YES;
				CLANG_WARN_DEPRECATED_OBJC_IMPLEMENTATIONS = YES;
				CLANG_WARN_DIRECT_OBJC_ISA_USAGE = YES_ERROR;
				CLANG_WARN_DOCUMENTATION_COMMENTS = YES;
				CLANG_WARN_EMPTY_BODY = YES;
				CLANG_WARN_ENUM_CONVERSION = YES;
				CLANG_WARN_INFINITE_RECURSION = YES;
				CLANG_WARN_INT_CONVERSION = YES;
				CLANG_WARN_NON_LITERAL_NULL_CONVERSION = YES;
				CLANG_WARN_OBJC_IMPLICIT_RETAIN_SELF = YES;
				CLANG_WARN_OBJC_LITERAL_CONVERSION = YES;
				CLANG_WARN_OBJC_ROOT_CLASS = YES_ERROR;
				CLANG_WARN_QUOTED_INCLUDE_IN_FRAMEWORK_HEADER = YES;
				CLANG_WARN_RANGE_LOOP_ANALYSIS = YES;
				CLANG_WARN_STRICT_PROTOTYPES = YES;
				CLANG_WARN_SUSPICIOUS_MOVE = YES;
				CLANG_WARN_UNGUARDED_AVAILABILITY = YES_AGGRESSIVE;
				CLANG_WARN_UNREACHABLE_CODE = YES;
				CLANG_WARN__DUPLICATE_METHOD_MATCH = YES;
				COPY_PHASE_STRIP = NO;
				DEBUG_INFORMATION_FORMAT = dwarf;
				ENABLE_STRICT_OBJC_MSGSEND = YES;
				ENABLE_TESTABILITY = YES;
				GCC_C_LANGUAGE_STANDARD = gnu11;
				GCC_DYNAMIC_NO_PIC = NO;
				GCC_NO_COMMON_BLOCKS = YES;
				GCC_OPTIMIZATION_LEVEL = 0;
				GCC_PREPROCESSOR_DEFINITIONS = (
					"DEBUG=1",
					"$(inherited)",
				);
				GCC_WARN_64_TO_32_BIT_CONVERSION = YES;
				GCC_WARN_ABOUT_RETURN_TYPE = YES_ERROR;
				GCC_WARN_UNDECLARED_SELECTOR = YES;
				GCC_WARN_UNINITIALIZED_AUTOS = YES_AGGRESSIVE;
				GCC_WARN_UNUSED_FUNCTION = YES;
				GCC_WARN_UNUSED_VARIABLE = YES;
				IPHONEOS_DEPLOYMENT_TARGET = 10.0;
				MTL_ENABLE_DEBUG_INFO = INCLUDE_SOURCE;
				MTL_FAST_MATH = YES;
				ONLY_ACTIVE_ARCH = YES;
				SDKROOT = iphoneos;
				SWIFT_ACTIVE_COMPILATION_CONDITIONS = DEBUG;
				SWIFT_OPTIMIZATION_LEVEL = "-Onone";
			};
			name = Debug;
		};
		DC2F6B5F2660EEEB00D0C5F6 /* Release */ = {
			isa = XCBuildConfiguration;
			buildSettings = {
				ALWAYS_SEARCH_USER_PATHS = NO;
				CLANG_ANALYZER_NONNULL = YES;
				CLANG_ANALYZER_NUMBER_OBJECT_CONVERSION = YES_AGGRESSIVE;
				CLANG_CXX_LANGUAGE_STANDARD = "gnu++14";
				CLANG_CXX_LIBRARY = "libc++";
				CLANG_ENABLE_MODULES = YES;
				CLANG_ENABLE_OBJC_ARC = YES;
				CLANG_ENABLE_OBJC_WEAK = YES;
				CLANG_WARN_BLOCK_CAPTURE_AUTORELEASING = YES;
				CLANG_WARN_BOOL_CONVERSION = YES;
				CLANG_WARN_COMMA = YES;
				CLANG_WARN_CONSTANT_CONVERSION = YES;
				CLANG_WARN_DEPRECATED_OBJC_IMPLEMENTATIONS = YES;
				CLANG_WARN_DIRECT_OBJC_ISA_USAGE = YES_ERROR;
				CLANG_WARN_DOCUMENTATION_COMMENTS = YES;
				CLANG_WARN_EMPTY_BODY = YES;
				CLANG_WARN_ENUM_CONVERSION = YES;
				CLANG_WARN_INFINITE_RECURSION = YES;
				CLANG_WARN_INT_CONVERSION = YES;
				CLANG_WARN_NON_LITERAL_NULL_CONVERSION = YES;
				CLANG_WARN_OBJC_IMPLICIT_RETAIN_SELF = YES;
				CLANG_WARN_OBJC_LITERAL_CONVERSION = YES;
				CLANG_WARN_OBJC_ROOT_CLASS = YES_ERROR;
				CLANG_WARN_QUOTED_INCLUDE_IN_FRAMEWORK_HEADER = YES;
				CLANG_WARN_RANGE_LOOP_ANALYSIS = YES;
				CLANG_WARN_STRICT_PROTOTYPES = YES;
				CLANG_WARN_SUSPICIOUS_MOVE = YES;
				CLANG_WARN_UNGUARDED_AVAILABILITY = YES_AGGRESSIVE;
				CLANG_WARN_UNREACHABLE_CODE = YES;
				CLANG_WARN__DUPLICATE_METHOD_MATCH = YES;
				COPY_PHASE_STRIP = NO;
				DEBUG_INFORMATION_FORMAT = "dwarf-with-dsym";
				ENABLE_NS_ASSERTIONS = NO;
				ENABLE_STRICT_OBJC_MSGSEND = YES;
				GCC_C_LANGUAGE_STANDARD = gnu11;
				GCC_NO_COMMON_BLOCKS = YES;
				GCC_WARN_64_TO_32_BIT_CONVERSION = YES;
				GCC_WARN_ABOUT_RETURN_TYPE = YES_ERROR;
				GCC_WARN_UNDECLARED_SELECTOR = YES;
				GCC_WARN_UNINITIALIZED_AUTOS = YES_AGGRESSIVE;
				GCC_WARN_UNUSED_FUNCTION = YES;
				GCC_WARN_UNUSED_VARIABLE = YES;
				IPHONEOS_DEPLOYMENT_TARGET = 10.0;
				MTL_ENABLE_DEBUG_INFO = NO;
				MTL_FAST_MATH = YES;
				SDKROOT = iphoneos;
				SWIFT_COMPILATION_MODE = wholemodule;
				SWIFT_OPTIMIZATION_LEVEL = "-O";
				VALIDATE_PRODUCT = YES;
			};
			name = Release;
		};
		DC2F6B612660EEEB00D0C5F6 /* Debug */ = {
			isa = XCBuildConfiguration;
			baseConfigurationReference = D55DDE50A2C1F8699567F565 /* Pods-LionAssestment.debug.xcconfig */;
			buildSettings = {
				ASSETCATALOG_COMPILER_APPICON_NAME = AppIcon;
				ASSETCATALOG_COMPILER_GLOBAL_ACCENT_COLOR_NAME = AccentColor;
				CODE_SIGN_STYLE = Automatic;
				DEVELOPMENT_TEAM = MYWM558B3A;
				INFOPLIST_FILE = LionAssestment/Info.plist;
				LD_RUNPATH_SEARCH_PATHS = (
					"$(inherited)",
					"@executable_path/Frameworks",
				);
				PRODUCT_BUNDLE_IDENTIFIER = com.felix.LionAssestment;
				PRODUCT_NAME = "$(TARGET_NAME)";
				SWIFT_VERSION = 5.0;
				TARGETED_DEVICE_FAMILY = "1,2";
			};
			name = Debug;
		};
		DC2F6B622660EEEB00D0C5F6 /* Release */ = {
			isa = XCBuildConfiguration;
			baseConfigurationReference = B0216CFBE519B39D09335F68 /* Pods-LionAssestment.release.xcconfig */;
			buildSettings = {
				ASSETCATALOG_COMPILER_APPICON_NAME = AppIcon;
				ASSETCATALOG_COMPILER_GLOBAL_ACCENT_COLOR_NAME = AccentColor;
				CODE_SIGN_STYLE = Automatic;
				DEVELOPMENT_TEAM = MYWM558B3A;
				INFOPLIST_FILE = LionAssestment/Info.plist;
				LD_RUNPATH_SEARCH_PATHS = (
					"$(inherited)",
					"@executable_path/Frameworks",
				);
				PRODUCT_BUNDLE_IDENTIFIER = com.felix.LionAssestment;
				PRODUCT_NAME = "$(TARGET_NAME)";
				SWIFT_VERSION = 5.0;
				TARGETED_DEVICE_FAMILY = "1,2";
			};
			name = Release;
		};
		DC2F6B642660EEEB00D0C5F6 /* Debug */ = {
			isa = XCBuildConfiguration;
			baseConfigurationReference = A3F972DC78B9C96DB337BD44 /* Pods-LionAssestmentTests.debug.xcconfig */;
			buildSettings = {
				ALWAYS_EMBED_SWIFT_STANDARD_LIBRARIES = YES;
				BUNDLE_LOADER = "$(TEST_HOST)";
				CODE_SIGN_STYLE = Automatic;
				DEVELOPMENT_TEAM = MYWM558B3A;
				INFOPLIST_FILE = LionAssestmentTests/Info.plist;
				IPHONEOS_DEPLOYMENT_TARGET = 14.5;
				LD_RUNPATH_SEARCH_PATHS = (
					"$(inherited)",
					"@executable_path/Frameworks",
					"@loader_path/Frameworks",
				);
				PRODUCT_BUNDLE_IDENTIFIER = com.felix.LionAssestmentTests;
				PRODUCT_NAME = "$(TARGET_NAME)";
				SWIFT_VERSION = 5.0;
				TARGETED_DEVICE_FAMILY = "1,2";
				TEST_HOST = "$(BUILT_PRODUCTS_DIR)/LionAssestment.app/LionAssestment";
			};
			name = Debug;
		};
		DC2F6B652660EEEB00D0C5F6 /* Release */ = {
			isa = XCBuildConfiguration;
			baseConfigurationReference = F4394AEC1D467856F78AB05B /* Pods-LionAssestmentTests.release.xcconfig */;
			buildSettings = {
				ALWAYS_EMBED_SWIFT_STANDARD_LIBRARIES = YES;
				BUNDLE_LOADER = "$(TEST_HOST)";
				CODE_SIGN_STYLE = Automatic;
				DEVELOPMENT_TEAM = MYWM558B3A;
				INFOPLIST_FILE = LionAssestmentTests/Info.plist;
				IPHONEOS_DEPLOYMENT_TARGET = 14.5;
				LD_RUNPATH_SEARCH_PATHS = (
					"$(inherited)",
					"@executable_path/Frameworks",
					"@loader_path/Frameworks",
				);
				PRODUCT_BUNDLE_IDENTIFIER = com.felix.LionAssestmentTests;
				PRODUCT_NAME = "$(TARGET_NAME)";
				SWIFT_VERSION = 5.0;
				TARGETED_DEVICE_FAMILY = "1,2";
				TEST_HOST = "$(BUILT_PRODUCTS_DIR)/LionAssestment.app/LionAssestment";
			};
			name = Release;
		};
		DC2F6B672660EEEB00D0C5F6 /* Debug */ = {
			isa = XCBuildConfiguration;
			baseConfigurationReference = 2075E9F5FF45751CE68C9417 /* Pods-LionAssestment-LionAssestmentUITests.debug.xcconfig */;
			buildSettings = {
				ALWAYS_EMBED_SWIFT_STANDARD_LIBRARIES = YES;
				CODE_SIGN_STYLE = Automatic;
				DEVELOPMENT_TEAM = MYWM558B3A;
				INFOPLIST_FILE = LionAssestmentUITests/Info.plist;
				LD_RUNPATH_SEARCH_PATHS = (
					"$(inherited)",
					"@executable_path/Frameworks",
					"@loader_path/Frameworks",
				);
				PRODUCT_BUNDLE_IDENTIFIER = com.felix.LionAssestmentUITests;
				PRODUCT_NAME = "$(TARGET_NAME)";
				SWIFT_VERSION = 5.0;
				TARGETED_DEVICE_FAMILY = "1,2";
				TEST_TARGET_NAME = LionAssestment;
			};
			name = Debug;
		};
		DC2F6B682660EEEB00D0C5F6 /* Release */ = {
			isa = XCBuildConfiguration;
			baseConfigurationReference = 7730A730CFB883083EF8CC3C /* Pods-LionAssestment-LionAssestmentUITests.release.xcconfig */;
			buildSettings = {
				ALWAYS_EMBED_SWIFT_STANDARD_LIBRARIES = YES;
				CODE_SIGN_STYLE = Automatic;
				DEVELOPMENT_TEAM = MYWM558B3A;
				INFOPLIST_FILE = LionAssestmentUITests/Info.plist;
				LD_RUNPATH_SEARCH_PATHS = (
					"$(inherited)",
					"@executable_path/Frameworks",
					"@loader_path/Frameworks",
				);
				PRODUCT_BUNDLE_IDENTIFIER = com.felix.LionAssestmentUITests;
				PRODUCT_NAME = "$(TARGET_NAME)";
				SWIFT_VERSION = 5.0;
				TARGETED_DEVICE_FAMILY = "1,2";
				TEST_TARGET_NAME = LionAssestment;
			};
			name = Release;
		};
/* End XCBuildConfiguration section */

/* Begin XCConfigurationList section */
		DC2F6B312660EEE600D0C5F6 /* Build configuration list for PBXProject "LionAssestment" */ = {
			isa = XCConfigurationList;
			buildConfigurations = (
				DC2F6B5E2660EEEB00D0C5F6 /* Debug */,
				DC2F6B5F2660EEEB00D0C5F6 /* Release */,
			);
			defaultConfigurationIsVisible = 0;
			defaultConfigurationName = Release;
		};
		DC2F6B602660EEEB00D0C5F6 /* Build configuration list for PBXNativeTarget "LionAssestment" */ = {
			isa = XCConfigurationList;
			buildConfigurations = (
				DC2F6B612660EEEB00D0C5F6 /* Debug */,
				DC2F6B622660EEEB00D0C5F6 /* Release */,
			);
			defaultConfigurationIsVisible = 0;
			defaultConfigurationName = Release;
		};
		DC2F6B632660EEEB00D0C5F6 /* Build configuration list for PBXNativeTarget "LionAssestmentTests" */ = {
			isa = XCConfigurationList;
			buildConfigurations = (
				DC2F6B642660EEEB00D0C5F6 /* Debug */,
				DC2F6B652660EEEB00D0C5F6 /* Release */,
			);
			defaultConfigurationIsVisible = 0;
			defaultConfigurationName = Release;
		};
		DC2F6B662660EEEB00D0C5F6 /* Build configuration list for PBXNativeTarget "LionAssestmentUITests" */ = {
			isa = XCConfigurationList;
			buildConfigurations = (
				DC2F6B672660EEEB00D0C5F6 /* Debug */,
				DC2F6B682660EEEB00D0C5F6 /* Release */,
			);
			defaultConfigurationIsVisible = 0;
			defaultConfigurationName = Release;
		};
/* End XCConfigurationList section */
	};
	rootObject = DC2F6B2E2660EEE600D0C5F6 /* Project object */;
}
